{
  "originHash" : "950b8177edca0193eabd69a7ec9a30d6c7d58353b9ecd9d04153c2845ccd3561",
  "pins" : [
    {
      "identity" : "async-http-client",
      "kind" : "remoteSourceControl",
      "location" : "https://github.com/swift-server/async-http-client.git",
      "state" : {
        "revision" : "a22083713ee90808d527d0baa290c2fb13ca3096",
        "version" : "1.21.1"
      }
    },
    {
      "identity" : "async-kit",
      "kind" : "remoteSourceControl",
      "location" : "https://github.com/vapor/async-kit.git",
      "state" : {
        "revision" : "7ece208cd401687641c88367a00e3ea2b04311f1",
        "version" : "1.19.0"
      }
    },
    {
      "identity" : "hummingbird",
      "kind" : "remoteSourceControl",
      "location" : "https://github.com/hummingbird-project/hummingbird",
      "state" : {
        "branch" : "main",
        "revision" : "3f9d6b3578d51170cfc7103036b394a80dba5f04"
      }
    },
    {
      "identity" : "serverdata.swift",
      "kind" : "remoteSourceControl",
      "location" : "https://github.com/nakajima/ServerData.swift",
      "state" : {
        "branch" : "main",
        "revision" : "7d274a603530cb5538427da1d50c2e5bee863bb9"
      }
    },
    {
      "identity" : "sql-kit",
      "kind" : "remoteSourceControl",
      "location" : "https://github.com/vapor/sql-kit",
      "state" : {
        "branch" : "main",
        "revision" : "25d8170c31173c7db4ddfef473e257c3bde60783"
      }
    },
    {
      "identity" : "sqlite-kit",
      "kind" : "remoteSourceControl",
      "location" : "https://github.com/vapor/sqlite-kit",
      "state" : {
        "branch" : "main",
        "revision" : "8d3abe71a59b5ef5d8aca1a07aedb6bdfd03a344"
      }
    },
    {
      "identity" : "sqlite-nio",
      "kind" : "remoteSourceControl",
      "location" : "https://github.com/vapor/sqlite-nio.git",
      "state" : {
        "revision" : "98d2894e4e0604ff64cc6f6b2232627d575678c0",
        "version" : "1.9.0"
      }
    },
    {
      "identity" : "swift-algorithms",
      "kind" : "remoteSourceControl",
      "location" : "https://github.com/apple/swift-algorithms",
      "state" : {
        "revision" : "f6919dfc309e7f1b56224378b11e28bab5bccc42",
        "version" : "1.2.0"
      }
    },
    {
      "identity" : "swift-async-algorithms",
      "kind" : "remoteSourceControl",
      "location" : "https://github.com/apple/swift-async-algorithms.git",
      "state" : {
        "revision" : "da4e36f86544cdf733a40d59b3a2267e3a7bbf36",
        "version" : "1.0.0"
      }
    },
    {
      "identity" : "swift-atomics",
      "kind" : "remoteSourceControl",
      "location" : "https://github.com/apple/swift-atomics.git",
      "state" : {
        "revision" : "cd142fd2f64be2100422d658e7411e39489da985",
        "version" : "1.2.0"
      }
    },
    {
      "identity" : "swift-collections",
      "kind" : "remoteSourceControl",
      "location" : "https://github.com/apple/swift-collections.git",
      "state" : {
        "revision" : "94cf62b3ba8d4bed62680a282d4c25f9c63c2efb",
        "version" : "1.1.0"
      }
    },
    {
      "identity" : "swift-distributed-tracing",
      "kind" : "remoteSourceControl",
      "location" : "https://github.com/apple/swift-distributed-tracing.git",
      "state" : {
        "revision" : "11c756c5c4d7de0eeed8595695cadd7fa107aa19",
        "version" : "1.1.1"
      }
    },
    {
      "identity" : "swift-http-types",
      "kind" : "remoteSourceControl",
      "location" : "https://github.com/apple/swift-http-types.git",
      "state" : {
        "revision" : "9bee2fdb79cc740081abd8ebd80738063d632286",
        "version" : "1.1.0"
      }
    },
    {
      "identity" : "swift-log",
      "kind" : "remoteSourceControl",
      "location" : "https://github.com/apple/swift-log.git",
      "state" : {
        "revision" : "e97a6fcb1ab07462881ac165fdbb37f067e205d5",
        "version" : "1.5.4"
      }
    },
    {
      "identity" : "swift-metrics",
      "kind" : "remoteSourceControl",
      "location" : "https://github.com/apple/swift-metrics.git",
      "state" : {
        "revision" : "ce594e71e92a1610015017f83f402894df540e51",
        "version" : "2.4.4"
      }
    },
    {
      "identity" : "swift-nio",
      "kind" : "remoteSourceControl",
      "location" : "https://github.com/apple/swift-nio.git",
      "state" : {
        "revision" : "359c461e5561d22c6334828806cc25d759ca7aa6",
        "version" : "2.65.0"
      }
    },
    {
      "identity" : "swift-nio-extras",
      "kind" : "remoteSourceControl",
      "location" : "https://github.com/apple/swift-nio-extras.git",
      "state" : {
        "revision" : "a3b640d7dc567225db7c94386a6e71aded1bfa63",
        "version" : "1.22.0"
      }
    },
    {
      "identity" : "swift-nio-http2",
      "kind" : "remoteSourceControl",
      "location" : "https://github.com/apple/swift-nio-http2.git",
      "state" : {
        "revision" : "c6afe04165c865faaa687b42c32ed76dfcc91076",
        "version" : "1.31.0"
      }
    },
    {
      "identity" : "swift-nio-ssl",
      "kind" : "remoteSourceControl",
      "location" : "https://github.com/apple/swift-nio-ssl.git",
      "state" : {
        "revision" : "7c381eb6083542b124a6c18fae742f55001dc2b5",
        "version" : "2.26.0"
      }
    },
    {
      "identity" : "swift-nio-transport-services",
      "kind" : "remoteSourceControl",
      "location" : "https://github.com/apple/swift-nio-transport-services.git",
      "state" : {
        "revision" : "38ac8221dd20674682148d6451367f89c2652980",
        "version" : "1.21.0"
      }
    },
    {
      "identity" : "swift-numerics",
      "kind" : "remoteSourceControl",
      "location" : "https://github.com/apple/swift-numerics.git",
      "state" : {
        "revision" : "0a5bc04095a675662cf24757cc0640aa2204253b",
        "version" : "1.0.2"
      }
    },
    {
      "identity" : "swift-service-context",
      "kind" : "remoteSourceControl",
      "location" : "https://github.com/apple/swift-service-context.git",
      "state" : {
        "revision" : "ce0141c8f123132dbd02fd45fea448018762df1b",
        "version" : "1.0.0"
      }
    },
    {
      "identity" : "swift-service-lifecycle",
      "kind" : "remoteSourceControl",
      "location" : "https://github.com/swift-server/swift-service-lifecycle.git",
      "state" : {
        "revision" : "12a031bcc1284c64d6b847f5013ffe6dcca964d0",
        "version" : "2.5.0"
      }
    },
    {
      "identity" : "swift-syntax",
      "kind" : "remoteSourceControl",
      "location" : "https://github.com/apple/swift-syntax.git",
      "state" : {
        "revision" : "64889f0c732f210a935a0ad7cda38f77f876262d",
        "version" : "509.1.1"
      }
    },
    {
      "identity" : "swift-system",
      "kind" : "remoteSourceControl",
      "location" : "https://github.com/apple/swift-system.git",
      "state" : {
        "revision" : "f9266c85189c2751589a50ea5aec72799797e471",
        "version" : "1.3.0"
      }
    }
  ],
  "version" : 3
}
